
Microsoft Visual Studio Solution File, Format Version 12.00
# Visual Studio Version 17
VisualStudioVersion = 17.3.32825.248
MinimumVisualStudioVersion = 10.0.40219.1
Project("{FAE04EC0-301F-11D3-BF4B-00C04F79EFBC}") = "Sandboxbasics1", "Sandboxbasics1\Sandboxbasics1.csproj", "{90960DBC-A3DF-4BC0-AF9F-C0B2D9B9D224}"
EndProject
Project("{FAE04EC0-301F-11D3-BF4B-00C04F79EFBC}") = "aspdotnetbasics", "aspdotnetbasics\aspdotnetbasics.csproj", "{CC141BDC-DA49-4F1B-86FE-437B0121619E}"
EndProject
Global
	GlobalSection(SolutionConfigurationPlatforms) = preSolution
		Debug|Any CPU = Debug|Any CPU
		Release|Any CPU = Release|Any CPU
	EndGlobalSection
	GlobalSection(ProjectConfigurationPlatforms) = postSolution
		{90960DBC-A3DF-4BC0-AF9F-C0B2D9B9D224}.Debug|Any CPU.ActiveCfg = Debug|Any CPU
		{90960DBC-A3DF-4BC0-AF9F-C0B2D9B9D224}.Debug|Any CPU.Build.0 = Debug|Any CPU
		{90960DBC-A3DF-4BC0-AF9F-C0B2D9B9D224}.Release|Any CPU.ActiveCfg = Release|Any CPU
		{90960DBC-A3DF-4BC0-AF9F-C0B2D9B9D224}.Release|Any CPU.Build.0 = Release|Any CPU
		{CC141BDC-DA49-4F1B-86FE-437B0121619E}.Debug|Any CPU.ActiveCfg = Debug|Any CPU
		{CC141BDC-DA49-4F1B-86FE-437B0121619E}.Debug|Any CPU.Build.0 = Debug|Any CPU
		{CC141BDC-DA49-4F1B-86FE-437B0121619E}.Release|Any CPU.ActiveCfg = Release|Any CPU
		{CC141BDC-DA49-4F1B-86FE-437B0121619E}.Release|Any CPU.Build.0 = Release|Any CPU
	EndGlobalSection
	GlobalSection(SolutionProperties) = preSolution
		HideSolutionNode = FALSE
	EndGlobalSection
	GlobalSection(ExtensibilityGlobals) = postSolution
		SolutionGuid = {6A56F476-9532-407C-B4A6-304684755053}
	EndGlobalSection
EndGlobal
