
Microsoft Visual Studio Solution File, Format Version 12.00
# Visual Studio 15
VisualStudioVersion = 15.0.33026.149
MinimumVisualStudioVersion = 10.0.40219.1
Project("{FAE04EC0-301F-11D3-BF4B-00C04F79EFBC}") = "adonetconsole", "adonetconsole\adonetconsole.csproj", "{B6D38B7E-05D4-4986-96EF-E9A7780554E2}"
EndProject
Global
	GlobalSection(SolutionConfigurationPlatforms) = preSolution
		Debug|Any CPU = Debug|Any CPU
		Release|Any CPU = Release|Any CPU
	EndGlobalSection
	GlobalSection(ProjectConfigurationPlatforms) = postSolution
		{B6D38B7E-05D4-4986-96EF-E9A7780554E2}.Debug|Any CPU.ActiveCfg = Debug|Any CPU
		{B6D38B7E-05D4-4986-96EF-E9A7780554E2}.Debug|Any CPU.Build.0 = Debug|Any CPU
		{B6D38B7E-05D4-4986-96EF-E9A7780554E2}.Release|Any CPU.ActiveCfg = Release|Any CPU
		{B6D38B7E-05D4-4986-96EF-E9A7780554E2}.Release|Any CPU.Build.0 = Release|Any CPU
	EndGlobalSection
	GlobalSection(SolutionProperties) = preSolution
		HideSolutionNode = FALSE
	EndGlobalSection
	GlobalSection(ExtensibilityGlobals) = postSolution
		SolutionGuid = {EB488E6A-A5E5-4425-A255-1B072798C19B}
	EndGlobalSection
EndGlobal
